
Microsoft Visual Studio Solution File, Format Version 12.00
# Visual Studio Version 17
VisualStudioVersion = 17.9.34714.143
MinimumVisualStudioVersion = 10.0.40219.1
Project("{9A19103F-16F7-4668-BE54-9A1E7A4F7556}") = "CashRegisterStore.API", "src\CashRegisterStore.API\CashRegisterStore.API.csproj", "{A69A091C-AFB1-469E-8DF8-29E434CE48E3}"
EndProject
Project("{9A19103F-16F7-4668-BE54-9A1E7A4F7556}") = "CashRegisterStore.DAL", "src\CashRegisterStore.DAL\CashRegisterStore.DAL.csproj", "{6AAD2A6C-0EF8-49B4-A797-276D530D53E1}"
EndProject
Project("{2150E333-8FDC-42A3-9474-1A3956D46DE8}") = "src", "src", "{A9BF2949-A116-40FE-A5CA-4864568C705C}"
EndProject
Global
	GlobalSection(SolutionConfigurationPlatforms) = preSolution
		Debug|Any CPU = Debug|Any CPU
		Release|Any CPU = Release|Any CPU
	EndGlobalSection
	GlobalSection(ProjectConfigurationPlatforms) = postSolution
		{A69A091C-AFB1-469E-8DF8-29E434CE48E3}.Debug|Any CPU.ActiveCfg = Debug|Any CPU
		{A69A091C-AFB1-469E-8DF8-29E434CE48E3}.Debug|Any CPU.Build.0 = Debug|Any CPU
		{A69A091C-AFB1-469E-8DF8-29E434CE48E3}.Release|Any CPU.ActiveCfg = Release|Any CPU
		{A69A091C-AFB1-469E-8DF8-29E434CE48E3}.Release|Any CPU.Build.0 = Release|Any CPU
		{6AAD2A6C-0EF8-49B4-A797-276D530D53E1}.Debug|Any CPU.ActiveCfg = Debug|Any CPU
		{6AAD2A6C-0EF8-49B4-A797-276D530D53E1}.Debug|Any CPU.Build.0 = Debug|Any CPU
		{6AAD2A6C-0EF8-49B4-A797-276D530D53E1}.Release|Any CPU.ActiveCfg = Release|Any CPU
		{6AAD2A6C-0EF8-49B4-A797-276D530D53E1}.Release|Any CPU.Build.0 = Release|Any CPU
	EndGlobalSection
	GlobalSection(SolutionProperties) = preSolution
		HideSolutionNode = FALSE
	EndGlobalSection
	GlobalSection(NestedProjects) = preSolution
		{A69A091C-AFB1-469E-8DF8-29E434CE48E3} = {A9BF2949-A116-40FE-A5CA-4864568C705C}
		{6AAD2A6C-0EF8-49B4-A797-276D530D53E1} = {A9BF2949-A116-40FE-A5CA-4864568C705C}
	EndGlobalSection
	GlobalSection(ExtensibilityGlobals) = postSolution
		SolutionGuid = {5BBCD785-3804-4AEF-88C1-CB773D483510}
	EndGlobalSection
EndGlobal
